Microsoft Visual Studio Solution File, Format Version 12.00
# Visual Studio Version 17
VisualStudioVersion = 17.5.2.0
MinimumVisualStudioVersion = 10.0.40219.1
Project("{FAE04EC0-301F-11D3-BF4B-00C04F79EFBC}") = "HailongConsulting.API", "HailongConsulting.API\HailongConsulting.API.csproj", "{2ACB2276-C7F5-B3A0-62D7-2BE910EDE84F}"
EndProject
Project("{FAE04EC0-301F-11D3-BF4B-00C04F79EFBC}") = "HailongConsulting.API.Tests", "HailongConsulting.API.Tests\HailongConsulting.API.Tests.csproj", "{156ACF1B-F428-4D0D-A3E9-1D3A6C5D40CB}"
EndProject
Global
	GlobalSection(SolutionConfigurationPlatforms) = preSolution
		Debug|Any CPU = Debug|Any CPU
		Release|Any CPU = Release|Any CPU
	EndGlobalSection
	GlobalSection(ProjectConfigurationPlatforms) = postSolution
		{2ACB2276-C7F5-B3A0-62D7-2BE910EDE84F}.Debug|Any CPU.ActiveCfg = Debug|Any CPU
		{2ACB2276-C7F5-B3A0-62D7-2BE910EDE84F}.Debug|Any CPU.Build.0 = Debug|Any CPU
		{2ACB2276-C7F5-B3A0-62D7-2BE910EDE84F}.Release|Any CPU.ActiveCfg = Release|Any CPU
		{2ACB2276-C7F5-B3A0-62D7-2BE910EDE84F}.Release|Any CPU.Build.0 = Release|Any CPU
		{156ACF1B-F428-4D0D-A3E9-1D3A6C5D40CB}.Debug|Any CPU.ActiveCfg = Debug|Any CPU
		{156ACF1B-F428-4D0D-A3E9-1D3A6C5D40CB}.Debug|Any CPU.Build.0 = Debug|Any CPU
		{156ACF1B-F428-4D0D-A3E9-1D3A6C5D40CB}.Release|Any CPU.ActiveCfg = Release|Any CPU
		{156ACF1B-F428-4D0D-A3E9-1D3A6C5D40CB}.Release|Any CPU.Build.0 = Release|Any CPU
	EndGlobalSection
	GlobalSection(SolutionProperties) = preSolution
		HideSolutionNode = FALSE
	EndGlobalSection
	GlobalSection(ExtensibilityGlobals) = postSolution
		SolutionGuid = {0D1D7A23-1DC9-4F13-A7B0-FFE5FB3144BA}
	EndGlobalSection
EndGlobal
